Microsoft Visual Studio Solution File, Format Version 12.00
# Visual Studio Version 17
VisualStudioVersion = 17.8.34330.188
MinimumVisualStudioVersion = 10.0.40219.1
Project("{FAE04EC0-301F-11D3-BF4B-00C04F79EFBC}") = "HotelStay.Api", "HotelStay.Api\HotelStay.Api.csproj", "{4C58E683-E700-4C09-AD4F-A595FAE65E79}"
EndProject
Project("{FAE04EC0-301F-11D3-BF4B-00C04F79EFBC}") = "HotelStay.Blazor", "HotelStay.Blazor\HotelStay.Blazor.csproj", "{5E19F805-4D19-4D8C-A861-4E2A5BCE2B1B}"
EndProject
Project("{FAE04EC0-301F-11D3-BF4B-00C04F79EFBC}") = "HotelStay.Tests", "HotelStay.Tests\HotelStay.Tests.csproj", "{6BB0D2E6-A226-4BDF-94A3-988E32B969C4}"
EndProject
Global
	GlobalSection(SolutionConfigurationPlatforms) = preSolution
		Debug|Any CPU = Debug|Any CPU
		Release|Any CPU = Release|Any CPU
	EndGlobalSection
	GlobalSection(ProjectConfigurationPlatforms) = postSolution
		{4C58E683-E700-4C09-AD4F-A595FAE65E79}.Debug|Any CPU.ActiveCfg = Debug|Any CPU
		{4C58E683-E700-4C09-AD4F-A595FAE65E79}.Debug|Any CPU.Build.0 = Debug|Any CPU
		{4C58E683-E700-4C09-AD4F-A595FAE65E79}.Release|Any CPU.ActiveCfg = Release|Any CPU
		{4C58E683-E700-4C09-AD4F-A595FAE65E79}.Release|Any CPU.Build.0 = Release|Any CPU
		{5E19F805-4D19-4D8C-A861-4E2A5BCE2B1B}.Debug|Any CPU.ActiveCfg = Debug|Any CPU
		{5E19F805-4D19-4D8C-A861-4E2A5BCE2B1B}.Debug|Any CPU.Build.0 = Debug|Any CPU
		{5E19F805-4D19-4D8C-A861-4E2A5BCE2B1B}.Release|Any CPU.ActiveCfg = Release|Any CPU
		{5E19F805-4D19-4D8C-A861-4E2A5BCE2B1B}.Release|Any CPU.Build.0 = Release|Any CPU
		{6BB0D2E6-A226-4BDF-94A3-988E32B969C4}.Debug|Any CPU.ActiveCfg = Debug|Any CPU
		{6BB0D2E6-A226-4BDF-94A3-988E32B969C4}.Debug|Any CPU.Build.0 = Debug|Any CPU
		{6BB0D2E6-A226-4BDF-94A3-988E32B969C4}.Release|Any CPU.ActiveCfg = Release|Any CPU
		{6BB0D2E6-A226-4BDF-94A3-988E32B969C4}.Release|Any CPU.Build.0 = Release|Any CPU
	EndGlobalSection
	GlobalSection(SolutionProperties) = preSolution
		HideSolutionNode = FALSE
	EndGlobalSection
EndGlobal
